// !$*UTF8*$!
{
	archiveVersion = 1;
	classes = {
	};
	objectVersion = 55;
	objects = {

/* Begin PBXBuildFile section */
		778A79FA287704D400722CBB /* SplashViewController.swift in Sources */ = {isa = PBXBuildFile; fileRef = 778A79F9287704D400722CBB /* SplashViewController.swift */; };
		778A79FC287704E500722CBB /* Strings.swift in Sources */ = {isa = PBXBuildFile; fileRef = 778A79FB287704E500722CBB /* Strings.swift */; };
		778A79FF2877061E00722CBB /* Localizable.strings in Resources */ = {isa = PBXBuildFile; fileRef = 778A7A012877061E00722CBB /* Localizable.strings */; };
		B59C9469287708E6005865CA /* UIView+Extension.swift in Sources */ = {isa = PBXBuildFile; fileRef = B59C9468287708E5005865CA /* UIView+Extension.swift */; };
		B59C946B287708FE005865CA /* UITextField+Extension.swift in Sources */ = {isa = PBXBuildFile; fileRef = B59C946A287708FE005865CA /* UITextField+Extension.swift */; };
		B59C946D2877090F005865CA /* UILabel+Extension.swift in Sources */ = {isa = PBXBuildFile; fileRef = B59C946C2877090F005865CA /* UILabel+Extension.swift */; };
		B59C946F2877091E005865CA /* UIButton+Extension.swift in Sources */ = {isa = PBXBuildFile; fileRef = B59C946E2877091E005865CA /* UIButton+Extension.swift */; };
		B59C94712877092F005865CA /* UIViewController+Extension.swift in Sources */ = {isa = PBXBuildFile; fileRef = B59C94702877092F005865CA /* UIViewController+Extension.swift */; };
		B59C94732877093E005865CA /* Adjusted+Extension.swift in Sources */ = {isa = PBXBuildFile; fileRef = B59C94722877093E005865CA /* Adjusted+Extension.swift */; };
		B59C94752877094F005865CA /* NSObject+Extension.swift in Sources */ = {isa = PBXBuildFile; fileRef = B59C94742877094F005865CA /* NSObject+Extension.swift */; };
		B59C947728770961005865CA /* UITableView+Extension.swift in Sources */ = {isa = PBXBuildFile; fileRef = B59C947628770961005865CA /* UITableView+Extension.swift */; };
		B59C94792877097D005865CA /* UICollectionView+Extension.swift in Sources */ = {isa = PBXBuildFile; fileRef = B59C94782877097D005865CA /* UICollectionView+Extension.swift */; };
		B59C947B2877098D005865CA /* UIStackView+Extension.swift in Sources */ = {isa = PBXBuildFile; fileRef = B59C947A2877098D005865CA /* UIStackView+Extension.swift */; };
		778A7A052877081800722CBB /* HousTabbarItemView.swift in Sources */ = {isa = PBXBuildFile; fileRef = 778A7A042877081800722CBB /* HousTabbarItemView.swift */; };
		778A7A07287708A600722CBB /* HousTabbarItem.swift in Sources */ = {isa = PBXBuildFile; fileRef = 778A7A06287708A600722CBB /* HousTabbarItem.swift */; };
		778A7A0928770C7400722CBB /* ViewController.swift in Sources */ = {isa = PBXBuildFile; fileRef = 778A7A0828770C7400722CBB /* ViewController.swift */; };
		778A7A0B28770EB700722CBB /* HousTabbar.swift in Sources */ = {isa = PBXBuildFile; fileRef = 778A7A0A28770EB700722CBB /* HousTabbar.swift */; };
		778A7A0E2879349100722CBB /* RxGesture in Frameworks */ = {isa = PBXBuildFile; productRef = 778A7A0D2879349100722CBB /* RxGesture */; };
		77A8FC28287936A500F5376B /* HousTabbarViewController.swift in Sources */ = {isa = PBXBuildFile; fileRef = 77A8FC27287936A500F5376B /* HousTabbarViewController.swift */; };
		B80510A22876D2D10025B767 /* AppDelegate.swift in Sources */ = {isa = PBXBuildFile; fileRef = B80510A12876D2D10025B767 /* AppDelegate.swift */; };
		B80510A42876D2D10025B767 /* SceneDelegate.swift in Sources */ = {isa = PBXBuildFile; fileRef = B80510A32876D2D10025B767 /* SceneDelegate.swift */; };
		B80510AB2876D2D20025B767 /* Assets.xcassets in Resources */ = {isa = PBXBuildFile; fileRef = B80510AA2876D2D20025B767 /* Assets.xcassets */; };
		B80510BF2876D33D0025B767 /* ProfileViewController.swift in Sources */ = {isa = PBXBuildFile; fileRef = B80510BE2876D33D0025B767 /* ProfileViewController.swift */; };
		B80510C12876D3610025B767 /* RulesViewController.swift in Sources */ = {isa = PBXBuildFile; fileRef = B80510C02876D3610025B767 /* RulesViewController.swift */; };
		B80510C32876D36A0025B767 /* HomeViewController.swift in Sources */ = {isa = PBXBuildFile; fileRef = B80510C22876D36A0025B767 /* HomeViewController.swift */; };
		B80510C52876D3840025B767 /* Asset.swift in Sources */ = {isa = PBXBuildFile; fileRef = B80510C42876D3840025B767 /* Asset.swift */; };
		B80510C72876D38A0025B767 /* UIFont+Extension.swift in Sources */ = {isa = PBXBuildFile; fileRef = B80510C62876D38A0025B767 /* UIFont+Extension.swift */; };
		B80510CB2876D5B10025B767 /* SpoqaHanSansNeo-Bold.otf in Resources */ = {isa = PBXBuildFile; fileRef = B80510C92876D5B00025B767 /* SpoqaHanSansNeo-Bold.otf */; };
		B80510CC2876D5B10025B767 /* SpoqaHanSansNeo-Medium.otf in Resources */ = {isa = PBXBuildFile; fileRef = B80510CA2876D5B10025B767 /* SpoqaHanSansNeo-Medium.otf */; };
		B80510D12876D5D70025B767 /* Montserrat-Medium.otf in Resources */ = {isa = PBXBuildFile; fileRef = B80510CD2876D5D70025B767 /* Montserrat-Medium.otf */; };
		B80510D22876D5D70025B767 /* Montserrat-SemiBold.otf in Resources */ = {isa = PBXBuildFile; fileRef = B80510CE2876D5D70025B767 /* Montserrat-SemiBold.otf */; };
		B80510D32876D5D70025B767 /* Montserrat-Bold.otf in Resources */ = {isa = PBXBuildFile; fileRef = B80510CF2876D5D70025B767 /* Montserrat-Bold.otf */; };
		B80510D42876D5D70025B767 /* Montserrat-Regular.otf in Resources */ = {isa = PBXBuildFile; fileRef = B80510D02876D5D70025B767 /* Montserrat-Regular.otf */; };
		B80510D72876D6440025B767 /* SnapKit in Frameworks */ = {isa = PBXBuildFile; productRef = B80510D62876D6440025B767 /* SnapKit */; };
		B80510DA2876D64B0025B767 /* Then in Frameworks */ = {isa = PBXBuildFile; productRef = B80510D92876D64B0025B767 /* Then */; };
		B80510DD2876D6540025B767 /* Alamofire in Frameworks */ = {isa = PBXBuildFile; productRef = B80510DC2876D6540025B767 /* Alamofire */; };
		B80510E02876D65E0025B767 /* RxCocoa in Frameworks */ = {isa = PBXBuildFile; productRef = B80510DF2876D65E0025B767 /* RxCocoa */; };
		B80510E22876D65E0025B767 /* RxSwift in Frameworks */ = {isa = PBXBuildFile; productRef = B80510E12876D65E0025B767 /* RxSwift */; };
		B80510E42876D6B10025B767 /* APIConstants.swift in Sources */ = {isa = PBXBuildFile; fileRef = B80510E32876D6B10025B767 /* APIConstants.swift */; };
		B80510E62876D6F10025B767 /* NetworkResult.swift in Sources */ = {isa = PBXBuildFile; fileRef = B80510E52876D6F10025B767 /* NetworkResult.swift */; };
		B80510EB2876D7840025B767 /* HTTPHeaderField.swift in Sources */ = {isa = PBXBuildFile; fileRef = B80510EA2876D7840025B767 /* HTTPHeaderField.swift */; };
		B843871428795805003F7B75 /* RulesHomeView.swift in Sources */ = {isa = PBXBuildFile; fileRef = B843871328795805003F7B75 /* RulesHomeView.swift */; };
		B843871628795830003F7B75 /* RulesTableView.swift in Sources */ = {isa = PBXBuildFile; fileRef = B843871528795830003F7B75 /* RulesTableView.swift */; };
/* End PBXBuildFile section */

/* Begin PBXFileReference section */
		778A79F9287704D400722CBB /* SplashViewController.swift */ = {isa = PBXFileReference; lastKnownFileType = sourcecode.swift; path = SplashViewController.swift; sourceTree = "<group>"; };
		778A79FB287704E500722CBB /* Strings.swift */ = {isa = PBXFileReference; lastKnownFileType = sourcecode.swift; path = Strings.swift; sourceTree = "<group>"; };
		778A7A002877061E00722CBB /* en */ = {isa = PBXFileReference; lastKnownFileType = text.plist.strings; name = en; path = en.lproj/Localizable.strings; sourceTree = "<group>"; };
		778A7A022877062B00722CBB /* ko */ = {isa = PBXFileReference; lastKnownFileType = text.plist.strings; name = ko; path = ko.lproj/Localizable.strings; sourceTree = "<group>"; };

		B59C9468287708E5005865CA /* UIView+Extension.swift */ = {isa = PBXFileReference; lastKnownFileType = sourcecode.swift; path = "UIView+Extension.swift"; sourceTree = "<group>"; };
		B59C946A287708FE005865CA /* UITextField+Extension.swift */ = {isa = PBXFileReference; lastKnownFileType = sourcecode.swift; path = "UITextField+Extension.swift"; sourceTree = "<group>"; };
		B59C946C2877090F005865CA /* UILabel+Extension.swift */ = {isa = PBXFileReference; lastKnownFileType = sourcecode.swift; path = "UILabel+Extension.swift"; sourceTree = "<group>"; };
		B59C946E2877091E005865CA /* UIButton+Extension.swift */ = {isa = PBXFileReference; lastKnownFileType = sourcecode.swift; path = "UIButton+Extension.swift"; sourceTree = "<group>"; };
		B59C94702877092F005865CA /* UIViewController+Extension.swift */ = {isa = PBXFileReference; lastKnownFileType = sourcecode.swift; path = "UIViewController+Extension.swift"; sourceTree = "<group>"; };
		B59C94722877093E005865CA /* Adjusted+Extension.swift */ = {isa = PBXFileReference; lastKnownFileType = sourcecode.swift; path = "Adjusted+Extension.swift"; sourceTree = "<group>"; };
		B59C94742877094F005865CA /* NSObject+Extension.swift */ = {isa = PBXFileReference; lastKnownFileType = sourcecode.swift; path = "NSObject+Extension.swift"; sourceTree = "<group>"; };
		B59C947628770961005865CA /* UITableView+Extension.swift */ = {isa = PBXFileReference; lastKnownFileType = sourcecode.swift; path = "UITableView+Extension.swift"; sourceTree = "<group>"; };
		B59C94782877097D005865CA /* UICollectionView+Extension.swift */ = {isa = PBXFileReference; lastKnownFileType = sourcecode.swift; path = "UICollectionView+Extension.swift"; sourceTree = "<group>"; };
		B59C947A2877098D005865CA /* UIStackView+Extension.swift */ = {isa = PBXFileReference; lastKnownFileType = sourcecode.swift; path = "UIStackView+Extension.swift"; sourceTree = "<group>"; };

		778A7A042877081800722CBB /* HousTabbarItemView.swift */ = {isa = PBXFileReference; lastKnownFileType = sourcecode.swift; path = HousTabbarItemView.swift; sourceTree = "<group>"; };
		778A7A06287708A600722CBB /* HousTabbarItem.swift */ = {isa = PBXFileReference; lastKnownFileType = sourcecode.swift; path = HousTabbarItem.swift; sourceTree = "<group>"; };
		778A7A0828770C7400722CBB /* ViewController.swift */ = {isa = PBXFileReference; lastKnownFileType = sourcecode.swift; path = ViewController.swift; sourceTree = "<group>"; };
		778A7A0A28770EB700722CBB /* HousTabbar.swift */ = {isa = PBXFileReference; lastKnownFileType = sourcecode.swift; path = HousTabbar.swift; sourceTree = "<group>"; };
		77A8FC27287936A500F5376B /* HousTabbarViewController.swift */ = {isa = PBXFileReference; lastKnownFileType = sourcecode.swift; path = HousTabbarViewController.swift; sourceTree = "<group>"; };

		B805109E2876D2D10025B767 /* Hous-iOS.app */ = {isa = PBXFileReference; explicitFileType = wrapper.application; includeInIndex = 0; path = "Hous-iOS.app"; sourceTree = BUILT_PRODUCTS_DIR; };
		B80510A12876D2D10025B767 /* AppDelegate.swift */ = {isa = PBXFileReference; lastKnownFileType = sourcecode.swift; path = AppDelegate.swift; sourceTree = "<group>"; };
		B80510A32876D2D10025B767 /* SceneDelegate.swift */ = {isa = PBXFileReference; lastKnownFileType = sourcecode.swift; path = SceneDelegate.swift; sourceTree = "<group>"; };
		B80510AA2876D2D20025B767 /* Assets.xcassets */ = {isa = PBXFileReference; lastKnownFileType = folder.assetcatalog; path = Assets.xcassets; sourceTree = "<group>"; };
		B80510AF2876D2D20025B767 /* Info.plist */ = {isa = PBXFileReference; lastKnownFileType = text.plist.xml; path = Info.plist; sourceTree = "<group>"; };
		B80510BE2876D33D0025B767 /* ProfileViewController.swift */ = {isa = PBXFileReference; lastKnownFileType = sourcecode.swift; path = ProfileViewController.swift; sourceTree = "<group>"; };
		B80510C02876D3610025B767 /* RulesViewController.swift */ = {isa = PBXFileReference; lastKnownFileType = sourcecode.swift; path = RulesViewController.swift; sourceTree = "<group>"; };
		B80510C22876D36A0025B767 /* HomeViewController.swift */ = {isa = PBXFileReference; lastKnownFileType = sourcecode.swift; path = HomeViewController.swift; sourceTree = "<group>"; };
		B80510C42876D3840025B767 /* Asset.swift */ = {isa = PBXFileReference; lastKnownFileType = sourcecode.swift; path = Asset.swift; sourceTree = "<group>"; };
		B80510C62876D38A0025B767 /* UIFont+Extension.swift */ = {isa = PBXFileReference; lastKnownFileType = sourcecode.swift; path = "UIFont+Extension.swift"; sourceTree = "<group>"; };
		B80510C92876D5B00025B767 /* SpoqaHanSansNeo-Bold.otf */ = {isa = PBXFileReference; lastKnownFileType = file; path = "SpoqaHanSansNeo-Bold.otf"; sourceTree = "<group>"; };
		B80510CA2876D5B10025B767 /* SpoqaHanSansNeo-Medium.otf */ = {isa = PBXFileReference; lastKnownFileType = file; path = "SpoqaHanSansNeo-Medium.otf"; sourceTree = "<group>"; };
		B80510CD2876D5D70025B767 /* Montserrat-Medium.otf */ = {isa = PBXFileReference; lastKnownFileType = file; path = "Montserrat-Medium.otf"; sourceTree = "<group>"; };
		B80510CE2876D5D70025B767 /* Montserrat-SemiBold.otf */ = {isa = PBXFileReference; lastKnownFileType = file; path = "Montserrat-SemiBold.otf"; sourceTree = "<group>"; };
		B80510CF2876D5D70025B767 /* Montserrat-Bold.otf */ = {isa = PBXFileReference; lastKnownFileType = file; path = "Montserrat-Bold.otf"; sourceTree = "<group>"; };
		B80510D02876D5D70025B767 /* Montserrat-Regular.otf */ = {isa = PBXFileReference; lastKnownFileType = file; path = "Montserrat-Regular.otf"; sourceTree = "<group>"; };
		B80510E32876D6B10025B767 /* APIConstants.swift */ = {isa = PBXFileReference; lastKnownFileType = sourcecode.swift; path = APIConstants.swift; sourceTree = "<group>"; };
		B80510E52876D6F10025B767 /* NetworkResult.swift */ = {isa = PBXFileReference; lastKnownFileType = sourcecode.swift; path = NetworkResult.swift; sourceTree = "<group>"; };
		B80510EA2876D7840025B767 /* HTTPHeaderField.swift */ = {isa = PBXFileReference; lastKnownFileType = sourcecode.swift; path = HTTPHeaderField.swift; sourceTree = "<group>"; };
		B843871328795805003F7B75 /* RulesHomeView.swift */ = {isa = PBXFileReference; lastKnownFileType = sourcecode.swift; path = RulesHomeView.swift; sourceTree = "<group>"; };
		B843871528795830003F7B75 /* RulesTableView.swift */ = {isa = PBXFileReference; lastKnownFileType = sourcecode.swift; path = RulesTableView.swift; sourceTree = "<group>"; };
/* End PBXFileReference section */

/* Begin PBXFrameworksBuildPhase section */
		B805109B2876D2D10025B767 /* Frameworks */ = {
			isa = PBXFrameworksBuildPhase;
			buildActionMask = 2147483647;
			files = (
				B80510DD2876D6540025B767 /* Alamofire in Frameworks */,
				B80510D72876D6440025B767 /* SnapKit in Frameworks */,
				B80510E22876D65E0025B767 /* RxSwift in Frameworks */,
				B80510E02876D65E0025B767 /* RxCocoa in Frameworks */,
				778A7A0E2879349100722CBB /* RxGesture in Frameworks */,
				B80510DA2876D64B0025B767 /* Then in Frameworks */,
			);
			runOnlyForDeploymentPostprocessing = 0;
		};
/* End PBXFrameworksBuildPhase section */

/* Begin PBXGroup section */
		778A79F8287704C800722CBB /* Splash */ = {
			isa = PBXGroup;
			children = (
				778A79F9287704D400722CBB /* SplashViewController.swift */,
			);
			path = Splash;
			sourceTree = "<group>";
		};
		778A7A032877080800722CBB /* Tabbar */ = {
			isa = PBXGroup;
			children = (
				778A7A042877081800722CBB /* HousTabbarItemView.swift */,
				778A7A06287708A600722CBB /* HousTabbarItem.swift */,
				778A7A0828770C7400722CBB /* ViewController.swift */,
				778A7A0A28770EB700722CBB /* HousTabbar.swift */,
				77A8FC27287936A500F5376B /* HousTabbarViewController.swift */,
			);
			path = Tabbar;
			sourceTree = "<group>";
		};
		B80510952876D2D10025B767 = {
			isa = PBXGroup;
			children = (
				B80510A02876D2D10025B767 /* Hous-iOS */,
				B805109F2876D2D10025B767 /* Products */,
			);
			indentWidth = 2;
			sourceTree = "<group>";
			tabWidth = 2;
		};
		B805109F2876D2D10025B767 /* Products */ = {
			isa = PBXGroup;
			children = (
				B805109E2876D2D10025B767 /* Hous-iOS.app */,
			);
			name = Products;
			sourceTree = "<group>";
		};
		B80510A02876D2D10025B767 /* Hous-iOS */ = {
			isa = PBXGroup;
			children = (
				B80510B72876D2F30025B767 /* Screens */,
				B80510B62876D2EF0025B767 /* Global */,
				B80510B52876D2E00025B767 /* Network */,
			);
			path = "Hous-iOS";
			sourceTree = "<group>";
		};
		B80510B52876D2E00025B767 /* Network */ = {
			isa = PBXGroup;
			children = (
				B80510E92876D7750025B767 /* Model */,
				B80510E82876D7690025B767 /* HTTP */,
				B80510E72876D7650025B767 /* API */,
				B80510E32876D6B10025B767 /* APIConstants.swift */,
			);
			path = Network;
			sourceTree = "<group>";
		};
		B80510B62876D2EF0025B767 /* Global */ = {
			isa = PBXGroup;
			children = (
				B80510BA2876D30E0025B767 /* Extension */,
				B80510B92876D3090025B767 /* Resource */,
				B80510B82876D3040025B767 /* Supports */,
			);
			path = Global;
			sourceTree = "<group>";
		};
		B80510B72876D2F30025B767 /* Screens */ = {
			isa = PBXGroup;
			children = (
				778A7A032877080800722CBB /* Tabbar */,
				778A79F8287704C800722CBB /* Splash */,
				B80510BD2876D3330025B767 /* Home */,
				B80510BC2876D32D0025B767 /* Rules */,
				B80510BB2876D3290025B767 /* Profile */,
			);
			path = Screens;
			sourceTree = "<group>";
		};
		B80510B82876D3040025B767 /* Supports */ = {
			isa = PBXGroup;
			children = (
				B80510A12876D2D10025B767 /* AppDelegate.swift */,
				B80510A32876D2D10025B767 /* SceneDelegate.swift */,
				B80510AF2876D2D20025B767 /* Info.plist */,
			);
			path = Supports;
			sourceTree = "<group>";
		};
		B80510B92876D3090025B767 /* Resource */ = {
			isa = PBXGroup;
			children = (
				B80510C82876D3E80025B767 /* Font */,
				B80510AA2876D2D20025B767 /* Assets.xcassets */,
			);
			path = Resource;
			sourceTree = "<group>";
		};
		B80510BA2876D30E0025B767 /* Extension */ = {
			isa = PBXGroup;
			children = (
				B80510C42876D3840025B767 /* Asset.swift */,
				B80510C62876D38A0025B767 /* UIFont+Extension.swift */,
				778A79FB287704E500722CBB /* Strings.swift */,
				778A7A012877061E00722CBB /* Localizable.strings */,
				B59C9468287708E5005865CA /* UIView+Extension.swift */,
				B59C946A287708FE005865CA /* UITextField+Extension.swift */,
				B59C946C2877090F005865CA /* UILabel+Extension.swift */,
				B59C946E2877091E005865CA /* UIButton+Extension.swift */,
				B59C94702877092F005865CA /* UIViewController+Extension.swift */,
				B59C94722877093E005865CA /* Adjusted+Extension.swift */,
				B59C94742877094F005865CA /* NSObject+Extension.swift */,
				B59C947628770961005865CA /* UITableView+Extension.swift */,
				B59C94782877097D005865CA /* UICollectionView+Extension.swift */,
				B59C947A2877098D005865CA /* UIStackView+Extension.swift */,
			);
			path = Extension;
			sourceTree = "<group>";
		};
		B80510BB2876D3290025B767 /* Profile */ = {
			isa = PBXGroup;
			children = (
				B80510BE2876D33D0025B767 /* ProfileViewController.swift */,
			);
			path = Profile;
			sourceTree = "<group>";
		};
		B80510BC2876D32D0025B767 /* Rules */ = {
			isa = PBXGroup;
			children = (
				B84387102879571C003F7B75 /* Cell */,
				B843870F28795715003F7B75 /* View */,
				B843870E2879570C003F7B75 /* Controller */,
				B80510C02876D3610025B767 /* RulesViewController.swift */,
			);
			path = Rules;
			sourceTree = "<group>";
		};
		B80510BD2876D3330025B767 /* Home */ = {
			isa = PBXGroup;
			children = (
				B80510C22876D36A0025B767 /* HomeViewController.swift */,
			);
			path = Home;
			sourceTree = "<group>";
		};
		B80510C82876D3E80025B767 /* Font */ = {
			isa = PBXGroup;
			children = (
				B80510CF2876D5D70025B767 /* Montserrat-Bold.otf */,
				B80510CD2876D5D70025B767 /* Montserrat-Medium.otf */,
				B80510D02876D5D70025B767 /* Montserrat-Regular.otf */,
				B80510CE2876D5D70025B767 /* Montserrat-SemiBold.otf */,
				B80510C92876D5B00025B767 /* SpoqaHanSansNeo-Bold.otf */,
				B80510CA2876D5B10025B767 /* SpoqaHanSansNeo-Medium.otf */,
			);
			path = Font;
			sourceTree = "<group>";
		};
		B80510E72876D7650025B767 /* API */ = {
			isa = PBXGroup;
			children = (
			);
			path = API;
			sourceTree = "<group>";
		};
		B80510E82876D7690025B767 /* HTTP */ = {
			isa = PBXGroup;
			children = (
				B80510EA2876D7840025B767 /* HTTPHeaderField.swift */,
			);
			path = HTTP;
			sourceTree = "<group>";
		};
		B80510E92876D7750025B767 /* Model */ = {
			isa = PBXGroup;
			children = (
				B80510E52876D6F10025B767 /* NetworkResult.swift */,
			);
			path = Model;
			sourceTree = "<group>";
		};
		B843870E2879570C003F7B75 /* Controller */ = {
			isa = PBXGroup;
			children = (
			);
			path = Controller;
			sourceTree = "<group>";
		};
		B843870F28795715003F7B75 /* View */ = {
			isa = PBXGroup;
			children = (
				B843871328795805003F7B75 /* RulesHomeView.swift */,
				B843871528795830003F7B75 /* RulesTableView.swift */,
			);
			path = View;
			sourceTree = "<group>";
		};
		B84387102879571C003F7B75 /* Cell */ = {
			isa = PBXGroup;
			children = (
			);
			path = Cell;
			sourceTree = "<group>";
		};
/* End PBXGroup section */

/* Begin PBXNativeTarget section */
		B805109D2876D2D10025B767 /* Hous-iOS */ = {
			isa = PBXNativeTarget;
			buildConfigurationList = B80510B22876D2D20025B767 /* Build configuration list for PBXNativeTarget "Hous-iOS" */;
			buildPhases = (
				B805109A2876D2D10025B767 /* Sources */,
				B805109B2876D2D10025B767 /* Frameworks */,
				B805109C2876D2D10025B767 /* Resources */,
			);
			buildRules = (
			);
			dependencies = (
			);
			name = "Hous-iOS";
			packageProductDependencies = (
				B80510D62876D6440025B767 /* SnapKit */,
				B80510D92876D64B0025B767 /* Then */,
				B80510DC2876D6540025B767 /* Alamofire */,
				B80510DF2876D65E0025B767 /* RxCocoa */,
				B80510E12876D65E0025B767 /* RxSwift */,
				778A7A0D2879349100722CBB /* RxGesture */,
			);
			productName = "Hous-iOS";
			productReference = B805109E2876D2D10025B767 /* Hous-iOS.app */;
			productType = "com.apple.product-type.application";
		};
/* End PBXNativeTarget section */

/* Begin PBXProject section */
		B80510962876D2D10025B767 /* Project object */ = {
			isa = PBXProject;
			attributes = {
				BuildIndependentTargetsInParallel = 1;
				LastSwiftUpdateCheck = 1300;
				LastUpgradeCheck = 1300;
				TargetAttributes = {
					B805109D2876D2D10025B767 = {
						CreatedOnToolsVersion = 13.0;
					};
				};
			};
			buildConfigurationList = B80510992876D2D10025B767 /* Build configuration list for PBXProject "Hous-iOS" */;
			compatibilityVersion = "Xcode 13.0";
			developmentRegion = en;
			hasScannedForEncodings = 0;
			knownRegions = (
				en,
				Base,
				ko,
			);
			mainGroup = B80510952876D2D10025B767;
			packageReferences = (
				B80510D52876D6440025B767 /* XCRemoteSwiftPackageReference "SnapKit" */,
				B80510D82876D64B0025B767 /* XCRemoteSwiftPackageReference "Then" */,
				B80510DB2876D6540025B767 /* XCRemoteSwiftPackageReference "Alamofire" */,
				B80510DE2876D65E0025B767 /* XCRemoteSwiftPackageReference "RxSwift" */,
				778A7A0C2879349100722CBB /* XCRemoteSwiftPackageReference "RxGesture" */,
			);
			productRefGroup = B805109F2876D2D10025B767 /* Products */;
			projectDirPath = "";
			projectRoot = "";
			targets = (
				B805109D2876D2D10025B767 /* Hous-iOS */,
			);
		};
/* End PBXProject section */

/* Begin PBXResourcesBuildPhase section */
		B805109C2876D2D10025B767 /* Resources */ = {
			isa = PBXResourcesBuildPhase;
			buildActionMask = 2147483647;
			files = (
				B80510CB2876D5B10025B767 /* SpoqaHanSansNeo-Bold.otf in Resources */,
				B80510D12876D5D70025B767 /* Montserrat-Medium.otf in Resources */,
				B80510D32876D5D70025B767 /* Montserrat-Bold.otf in Resources */,
				B80510D42876D5D70025B767 /* Montserrat-Regular.otf in Resources */,
				B80510CC2876D5B10025B767 /* SpoqaHanSansNeo-Medium.otf in Resources */,
				778A79FF2877061E00722CBB /* Localizable.strings in Resources */,
				B80510D22876D5D70025B767 /* Montserrat-SemiBold.otf in Resources */,
				B80510AB2876D2D20025B767 /* Assets.xcassets in Resources */,
			);
			runOnlyForDeploymentPostprocessing = 0;
		};
/* End PBXResourcesBuildPhase section */

/* Begin PBXSourcesBuildPhase section */
		B805109A2876D2D10025B767 /* Sources */ = {
			isa = PBXSourcesBuildPhase;
			buildActionMask = 2147483647;
			files = (
				778A7A0928770C7400722CBB /* ViewController.swift in Sources */,
				B80510C12876D3610025B767 /* RulesViewController.swift in Sources */,
				B59C9469287708E6005865CA /* UIView+Extension.swift in Sources */,
				B59C946D2877090F005865CA /* UILabel+Extension.swift in Sources */,
				B80510EB2876D7840025B767 /* HTTPHeaderField.swift in Sources */,

				B59C94712877092F005865CA /* UIViewController+Extension.swift in Sources */,
				778A7A052877081800722CBB /* HousTabbarItemView.swift in Sources */,
				B843871628795830003F7B75 /* RulesTableView.swift in Sources */,
				B80510C52876D3840025B767 /* Asset.swift in Sources */,
				B59C946F2877091E005865CA /* UIButton+Extension.swift in Sources */,
				B59C947728770961005865CA /* UITableView+Extension.swift in Sources */,
				B80510A22876D2D10025B767 /* AppDelegate.swift in Sources */,
				778A7A0B28770EB700722CBB /* HousTabbar.swift in Sources */,
				B80510E62876D6F10025B767 /* NetworkResult.swift in Sources */,
				77A8FC28287936A500F5376B /* HousTabbarViewController.swift in Sources */,
				B80510BF2876D33D0025B767 /* ProfileViewController.swift in Sources */,
				B843871428795805003F7B75 /* RulesHomeView.swift in Sources */,
				B80510E42876D6B10025B767 /* APIConstants.swift in Sources */,
				778A7A07287708A600722CBB /* HousTabbarItem.swift in Sources */,
				B80510A42876D2D10025B767 /* SceneDelegate.swift in Sources */,
				B59C946B287708FE005865CA /* UITextField+Extension.swift in Sources */,
				B59C94732877093E005865CA /* Adjusted+Extension.swift in Sources */,
				B59C94792877097D005865CA /* UICollectionView+Extension.swift in Sources */,
				B59C94752877094F005865CA /* NSObject+Extension.swift in Sources */,
				B80510C72876D38A0025B767 /* UIFont+Extension.swift in Sources */,
				B80510C32876D36A0025B767 /* HomeViewController.swift in Sources */,
				778A79FC287704E500722CBB /* Strings.swift in Sources */,
				778A79FA287704D400722CBB /* SplashViewController.swift in Sources */,
				B59C947B2877098D005865CA /* UIStackView+Extension.swift in Sources */,
			);
			runOnlyForDeploymentPostprocessing = 0;
		};
/* End PBXSourcesBuildPhase section */

/* Begin PBXVariantGroup section */
		778A7A012877061E00722CBB /* Localizable.strings */ = {
			isa = PBXVariantGroup;
			children = (
				778A7A002877061E00722CBB /* en */,
				778A7A022877062B00722CBB /* ko */,
			);
			name = Localizable.strings;
			sourceTree = "<group>";
		};
/* End PBXVariantGroup section */

/* Begin XCBuildConfiguration section */
		B80510B02876D2D20025B767 /* Debug */ = {
			isa = XCBuildConfiguration;
			buildSettings = {
				ALWAYS_SEARCH_USER_PATHS = NO;
				CLANG_ANALYZER_LOCALIZABILITY_NONLOCALIZED = YES;
				CLANG_ANALYZER_NONNULL = YES;
				CLANG_ANALYZER_NUMBER_OBJECT_CONVERSION = YES_AGGRESSIVE;
				CLANG_CXX_LANGUAGE_STANDARD = "gnu++17";
				CLANG_CXX_LIBRARY = "libc++";
				CLANG_ENABLE_MODULES = YES;
				CLANG_ENABLE_OBJC_ARC = YES;
				CLANG_ENABLE_OBJC_WEAK = YES;
				CLANG_WARN_BLOCK_CAPTURE_AUTORELEASING = YES;
				CLANG_WARN_BOOL_CONVERSION = YES;
				CLANG_WARN_COMMA = YES;
				CLANG_WARN_CONSTANT_CONVERSION = YES;
				CLANG_WARN_DEPRECATED_OBJC_IMPLEMENTATIONS = YES;
				CLANG_WARN_DIRECT_OBJC_ISA_USAGE = YES_ERROR;
				CLANG_WARN_DOCUMENTATION_COMMENTS = YES;
				CLANG_WARN_EMPTY_BODY = YES;
				CLANG_WARN_ENUM_CONVERSION = YES;
				CLANG_WARN_INFINITE_RECURSION = YES;
				CLANG_WARN_INT_CONVERSION = YES;
				CLANG_WARN_NON_LITERAL_NULL_CONVERSION = YES;
				CLANG_WARN_OBJC_IMPLICIT_RETAIN_SELF = YES;
				CLANG_WARN_OBJC_LITERAL_CONVERSION = YES;
				CLANG_WARN_OBJC_ROOT_CLASS = YES_ERROR;
				CLANG_WARN_QUOTED_INCLUDE_IN_FRAMEWORK_HEADER = YES;
				CLANG_WARN_RANGE_LOOP_ANALYSIS = YES;
				CLANG_WARN_STRICT_PROTOTYPES = YES;
				CLANG_WARN_SUSPICIOUS_MOVE = YES;
				CLANG_WARN_UNGUARDED_AVAILABILITY = YES_AGGRESSIVE;
				CLANG_WARN_UNREACHABLE_CODE = YES;
				CLANG_WARN__DUPLICATE_METHOD_MATCH = YES;
				COPY_PHASE_STRIP = NO;
				DEBUG_INFORMATION_FORMAT = dwarf;
				ENABLE_STRICT_OBJC_MSGSEND = YES;
				ENABLE_TESTABILITY = YES;
				GCC_C_LANGUAGE_STANDARD = gnu11;
				GCC_DYNAMIC_NO_PIC = NO;
				GCC_NO_COMMON_BLOCKS = YES;
				GCC_OPTIMIZATION_LEVEL = 0;
				GCC_PREPROCESSOR_DEFINITIONS = (
					"DEBUG=1",
					"$(inherited)",
				);
				GCC_WARN_64_TO_32_BIT_CONVERSION = YES;
				GCC_WARN_ABOUT_RETURN_TYPE = YES_ERROR;
				GCC_WARN_UNDECLARED_SELECTOR = YES;
				GCC_WARN_UNINITIALIZED_AUTOS = YES_AGGRESSIVE;
				GCC_WARN_UNUSED_FUNCTION = YES;
				GCC_WARN_UNUSED_VARIABLE = YES;
				IPHONEOS_DEPLOYMENT_TARGET = 15.0;
				MTL_ENABLE_DEBUG_INFO = INCLUDE_SOURCE;
				MTL_FAST_MATH = YES;
				ONLY_ACTIVE_ARCH = YES;
				OTHER_LDFLAGS = (
					"$(inherited)",
					"-Xlinker",
					"-interposable",
					"-all_load",
				);
				SDKROOT = iphoneos;
				SWIFT_ACTIVE_COMPILATION_CONDITIONS = DEBUG;
				SWIFT_OPTIMIZATION_LEVEL = "-Onone";
			};
			name = Debug;
		};
		B80510B12876D2D20025B767 /* Release */ = {
			isa = XCBuildConfiguration;
			buildSettings = {
				ALWAYS_SEARCH_USER_PATHS = NO;
				CLANG_ANALYZER_LOCALIZABILITY_NONLOCALIZED = YES;
				CLANG_ANALYZER_NONNULL = YES;
				CLANG_ANALYZER_NUMBER_OBJECT_CONVERSION = YES_AGGRESSIVE;
				CLANG_CXX_LANGUAGE_STANDARD = "gnu++17";
				CLANG_CXX_LIBRARY = "libc++";
				CLANG_ENABLE_MODULES = YES;
				CLANG_ENABLE_OBJC_ARC = YES;
				CLANG_ENABLE_OBJC_WEAK = YES;
				CLANG_WARN_BLOCK_CAPTURE_AUTORELEASING = YES;
				CLANG_WARN_BOOL_CONVERSION = YES;
				CLANG_WARN_COMMA = YES;
				CLANG_WARN_CONSTANT_CONVERSION = YES;
				CLANG_WARN_DEPRECATED_OBJC_IMPLEMENTATIONS = YES;
				CLANG_WARN_DIRECT_OBJC_ISA_USAGE = YES_ERROR;
				CLANG_WARN_DOCUMENTATION_COMMENTS = YES;
				CLANG_WARN_EMPTY_BODY = YES;
				CLANG_WARN_ENUM_CONVERSION = YES;
				CLANG_WARN_INFINITE_RECURSION = YES;
				CLANG_WARN_INT_CONVERSION = YES;
				CLANG_WARN_NON_LITERAL_NULL_CONVERSION = YES;
				CLANG_WARN_OBJC_IMPLICIT_RETAIN_SELF = YES;
				CLANG_WARN_OBJC_LITERAL_CONVERSION = YES;
				CLANG_WARN_OBJC_ROOT_CLASS = YES_ERROR;
				CLANG_WARN_QUOTED_INCLUDE_IN_FRAMEWORK_HEADER = YES;
				CLANG_WARN_RANGE_LOOP_ANALYSIS = YES;
				CLANG_WARN_STRICT_PROTOTYPES = YES;
				CLANG_WARN_SUSPICIOUS_MOVE = YES;
				CLANG_WARN_UNGUARDED_AVAILABILITY = YES_AGGRESSIVE;
				CLANG_WARN_UNREACHABLE_CODE = YES;
				CLANG_WARN__DUPLICATE_METHOD_MATCH = YES;
				COPY_PHASE_STRIP = NO;
				DEBUG_INFORMATION_FORMAT = "dwarf-with-dsym";
				ENABLE_NS_ASSERTIONS = NO;
				ENABLE_STRICT_OBJC_MSGSEND = YES;
				GCC_C_LANGUAGE_STANDARD = gnu11;
				GCC_NO_COMMON_BLOCKS = YES;
				GCC_WARN_64_TO_32_BIT_CONVERSION = YES;
				GCC_WARN_ABOUT_RETURN_TYPE = YES_ERROR;
				GCC_WARN_UNDECLARED_SELECTOR = YES;
				GCC_WARN_UNINITIALIZED_AUTOS = YES_AGGRESSIVE;
				GCC_WARN_UNUSED_FUNCTION = YES;
				GCC_WARN_UNUSED_VARIABLE = YES;
				IPHONEOS_DEPLOYMENT_TARGET = 15.0;
				MTL_ENABLE_DEBUG_INFO = NO;
				MTL_FAST_MATH = YES;
				OTHER_LDFLAGS = (
					"$(inherited)",
					"-Xlinker",
					"-interposable",
					"-all_load",
				);
				SDKROOT = iphoneos;
				SWIFT_COMPILATION_MODE = wholemodule;
				SWIFT_OPTIMIZATION_LEVEL = "-O";
				VALIDATE_PRODUCT = YES;
			};
			name = Release;
		};
		B80510B32876D2D20025B767 /* Debug */ = {
			isa = XCBuildConfiguration;
			buildSettings = {
				ASSETCATALOG_COMPILER_APPICON_NAME = AppIcon;
				ASSETCATALOG_COMPILER_GLOBAL_ACCENT_COLOR_NAME = AccentColor;
				CODE_SIGN_STYLE = Automatic;
				CURRENT_PROJECT_VERSION = 1;
				DEVELOPMENT_TEAM = B849TJY5N4;
				GENERATE_INFOPLIST_FILE = YES;
				INFOPLIST_FILE = "Hous-iOS/Global/Supports/Info.plist";
				INFOPLIST_KEY_UIApplicationSupportsIndirectInputEvents = YES;
				INFOPLIST_KEY_UILaunchStoryboardName = LaunchScreen;
				INFOPLIST_KEY_UISupportedInterfaceOrientations_iPad = "UIInterfaceOrientationPortrait UIInterfaceOrientationPortraitUpsideDown UIInterfaceOrientationLandscapeLeft UIInterfaceOrientationLandscapeRight";
				INFOPLIST_KEY_UISupportedInterfaceOrientations_iPhone = "UIInterfaceOrientationPortrait UIInterfaceOrientationLandscapeLeft UIInterfaceOrientationLandscapeRight";
				LD_RUNPATH_SEARCH_PATHS = (
					"$(inherited)",
					"@executable_path/Frameworks",
				);
				MARKETING_VERSION = 1.0;
				PRODUCT_BUNDLE_IDENTIFIER = "com.jihyeon.Hous-iOS";
				PRODUCT_NAME = "$(TARGET_NAME)";
				SWIFT_EMIT_LOC_STRINGS = YES;
				SWIFT_VERSION = 5.0;
				TARGETED_DEVICE_FAMILY = "1,2";
			};
			name = Debug;
		};
		B80510B42876D2D20025B767 /* Release */ = {
			isa = XCBuildConfiguration;
			buildSettings = {
				ASSETCATALOG_COMPILER_APPICON_NAME = AppIcon;
				ASSETCATALOG_COMPILER_GLOBAL_ACCENT_COLOR_NAME = AccentColor;
				CODE_SIGN_STYLE = Automatic;
				CURRENT_PROJECT_VERSION = 1;
				DEVELOPMENT_TEAM = B849TJY5N4;
				GENERATE_INFOPLIST_FILE = YES;
				INFOPLIST_FILE = "Hous-iOS/Global/Supports/Info.plist";
				INFOPLIST_KEY_UIApplicationSupportsIndirectInputEvents = YES;
				INFOPLIST_KEY_UILaunchStoryboardName = LaunchScreen;
				INFOPLIST_KEY_UISupportedInterfaceOrientations_iPad = "UIInterfaceOrientationPortrait UIInterfaceOrientationPortraitUpsideDown UIInterfaceOrientationLandscapeLeft UIInterfaceOrientationLandscapeRight";
				INFOPLIST_KEY_UISupportedInterfaceOrientations_iPhone = "UIInterfaceOrientationPortrait UIInterfaceOrientationLandscapeLeft UIInterfaceOrientationLandscapeRight";
				LD_RUNPATH_SEARCH_PATHS = (
					"$(inherited)",
					"@executable_path/Frameworks",
				);
				MARKETING_VERSION = 1.0;
				PRODUCT_BUNDLE_IDENTIFIER = "com.jihyeon.Hous-iOS";
				PRODUCT_NAME = "$(TARGET_NAME)";
				SWIFT_EMIT_LOC_STRINGS = YES;
				SWIFT_VERSION = 5.0;
				TARGETED_DEVICE_FAMILY = "1,2";
			};
			name = Release;
		};
/* End XCBuildConfiguration section */

/* Begin XCConfigurationList section */
		B80510992876D2D10025B767 /* Build configuration list for PBXProject "Hous-iOS" */ = {
			isa = XCConfigurationList;
			buildConfigurations = (
				B80510B02876D2D20025B767 /* Debug */,
				B80510B12876D2D20025B767 /* Release */,
			);
			defaultConfigurationIsVisible = 0;
			defaultConfigurationName = Release;
		};
		B80510B22876D2D20025B767 /* Build configuration list for PBXNativeTarget "Hous-iOS" */ = {
			isa = XCConfigurationList;
			buildConfigurations = (
				B80510B32876D2D20025B767 /* Debug */,
				B80510B42876D2D20025B767 /* Release */,
			);
			defaultConfigurationIsVisible = 0;
			defaultConfigurationName = Release;
		};
/* End XCConfigurationList section */

/* Begin XCRemoteSwiftPackageReference section */
		778A7A0C2879349100722CBB /* XCRemoteSwiftPackageReference "RxGesture" */ = {
			isa = XCRemoteSwiftPackageReference;
			repositoryURL = "https://github.com/RxSwiftCommunity/RxGesture";
			requirement = {
				kind = upToNextMajorVersion;
				minimumVersion = 4.0.0;
			};
		};
		B80510D52876D6440025B767 /* XCRemoteSwiftPackageReference "SnapKit" */ = {
			isa = XCRemoteSwiftPackageReference;
			repositoryURL = "https://github.com/SnapKit/SnapKit.git";
			requirement = {
				kind = upToNextMajorVersion;
				minimumVersion = 5.0.0;
			};
		};
		B80510D82876D64B0025B767 /* XCRemoteSwiftPackageReference "Then" */ = {
			isa = XCRemoteSwiftPackageReference;
			repositoryURL = "https://github.com/devxoul/Then.git";
			requirement = {
				kind = upToNextMajorVersion;
				minimumVersion = 3.0.0;
			};
		};
		B80510DB2876D6540025B767 /* XCRemoteSwiftPackageReference "Alamofire" */ = {
			isa = XCRemoteSwiftPackageReference;
			repositoryURL = "https://github.com/Alamofire/Alamofire.git";
			requirement = {
				kind = upToNextMajorVersion;
				minimumVersion = 5.0.0;
			};
		};
		B80510DE2876D65E0025B767 /* XCRemoteSwiftPackageReference "RxSwift" */ = {
			isa = XCRemoteSwiftPackageReference;
			repositoryURL = "https://github.com/ReactiveX/RxSwift.git";
			requirement = {
				kind = upToNextMajorVersion;
				minimumVersion = 6.0.0;
			};
		};
/* End XCRemoteSwiftPackageReference section */

/* Begin XCSwiftPackageProductDependency section */
		778A7A0D2879349100722CBB /* RxGesture */ = {
			isa = XCSwiftPackageProductDependency;
			package = 778A7A0C2879349100722CBB /* XCRemoteSwiftPackageReference "RxGesture" */;
			productName = RxGesture;
		};
		B80510D62876D6440025B767 /* SnapKit */ = {
			isa = XCSwiftPackageProductDependency;
			package = B80510D52876D6440025B767 /* XCRemoteSwiftPackageReference "SnapKit" */;
			productName = SnapKit;
		};
		B80510D92876D64B0025B767 /* Then */ = {
			isa = XCSwiftPackageProductDependency;
			package = B80510D82876D64B0025B767 /* XCRemoteSwiftPackageReference "Then" */;
			productName = Then;
		};
		B80510DC2876D6540025B767 /* Alamofire */ = {
			isa = XCSwiftPackageProductDependency;
			package = B80510DB2876D6540025B767 /* XCRemoteSwiftPackageReference "Alamofire" */;
			productName = Alamofire;
		};
		B80510DF2876D65E0025B767 /* RxCocoa */ = {
			isa = XCSwiftPackageProductDependency;
			package = B80510DE2876D65E0025B767 /* XCRemoteSwiftPackageReference "RxSwift" */;
			productName = RxCocoa;
		};
		B80510E12876D65E0025B767 /* RxSwift */ = {
			isa = XCSwiftPackageProductDependency;
			package = B80510DE2876D65E0025B767 /* XCRemoteSwiftPackageReference "RxSwift" */;
			productName = RxSwift;
		};
/* End XCSwiftPackageProductDependency section */
	};
	rootObject = B80510962876D2D10025B767 /* Project object */;
}
